Microsoft Visual Studio Solution File, Format Version 11.00
# Visual Studio 2008

Project("{D8C47A69-A093-D70C-EB1B-D8C6C4466FB5}") = "PlanetDefense", "Assembly-CSharp.csproj", "{7DC28A8B-BDCC-DF6C-B443-BC021387908B}"
EndProject
Project("{D8C47A69-A093-D70C-EB1B-D8C6C4466FB5}") = "PlanetDefense", "Assembly-CSharp-Editor.csproj", "{4DCA5A82-4CFC-2857-9BCE-62F99F0DD6F9}"
EndProject
Global
	GlobalSection(SolutionConfigurationPlatforms) = preSolution
		Debug|Any CPU = Debug|Any CPU
		Release|Any CPU = Release|Any CPU
	EndGlobalSection
	GlobalSection(ProjectConfigurationPlatforms) = postSolution
		{7DC28A8B-BDCC-DF6C-B443-BC021387908B}.Debug|Any CPU.ActiveCfg = Debug|Any CPU
		{7DC28A8B-BDCC-DF6C-B443-BC021387908B}.Debug|Any CPU.Build.0 = Debug|Any CPU
		{7DC28A8B-BDCC-DF6C-B443-BC021387908B}.Release|Any CPU.ActiveCfg = Release|Any CPU
		{7DC28A8B-BDCC-DF6C-B443-BC021387908B}.Release|Any CPU.Build.0 = Release|Any CPU
		{4DCA5A82-4CFC-2857-9BCE-62F99F0DD6F9}.Debug|Any CPU.ActiveCfg = Debug|Any CPU
		{4DCA5A82-4CFC-2857-9BCE-62F99F0DD6F9}.Debug|Any CPU.Build.0 = Debug|Any CPU
		{4DCA5A82-4CFC-2857-9BCE-62F99F0DD6F9}.Release|Any CPU.ActiveCfg = Release|Any CPU
		{4DCA5A82-4CFC-2857-9BCE-62F99F0DD6F9}.Release|Any CPU.Build.0 = Release|Any CPU
	EndGlobalSection
	GlobalSection(SolutionProperties) = preSolution
		HideSolutionNode = FALSE
	EndGlobalSection
																																									GlobalSection(MonoDevelopProperties) = preSolution
		StartupItem = Assembly-CSharp.csproj
		Policies = $0
		$0.TextStylePolicy = $1
		$1.inheritsSet = null
		$1.scope = text/x-csharp
		$0.CSharpFormattingPolicy = $2
		$2.inheritsSet = Mono
		$2.inheritsScope = text/x-csharp
		$2.scope = text/x-csharp
		$0.TextStylePolicy = $3
		$3.FileWidth = 120
		$3.TabWidth = 4
		$3.EolMarker = Unix
		$3.inheritsSet = Mono
		$3.inheritsScope = text/plain
		$3.scope = text/plain
	EndGlobalSection

EndGlobal
